Microsoft Visual Studio Solution File, Format Version 12.00
# Visual Studio 15
VisualStudioVersion = 15.0.28307.705
MinimumVisualStudioVersion = 10.0.40219.1
Project("{8BC9CEB8-8B4A-11D0-8D11-00A0C91BC942}") = "ALL_BUILD", "ALL_BUILD.vcxproj", "{394A76E9-42B2-352C-A953-050D51694F96}"
	ProjectSection(ProjectDependencies) = postProject
		{29556C06-FD68-3F2B-84E5-502EF888842C} = {29556C06-FD68-3F2B-84E5-502EF888842C}
		{42C46B2B-5A73-3C4C-9115-FE1ABDEAD023} = {42C46B2B-5A73-3C4C-9115-FE1ABDEAD023}
		{1099DB2D-462B-39A8-85E3-AB2B793A4970} = {1099DB2D-462B-39A8-85E3-AB2B793A4970}
		{26F6D640-1031-3E97-A656-D9D13CEABC79} = {26F6D640-1031-3E97-A656-D9D13CEABC79}
		{E3AF1C4E-406D-37F7-A165-7DD06D0609B1} = {E3AF1C4E-406D-37F7-A165-7DD06D0609B1}
		{67C443CE-46A8-3CDA-A5C3-F8C490591955} = {67C443CE-46A8-3CDA-A5C3-F8C490591955}
		{FC50F0D6-F970-36D2-B279-8E126F238E9C} = {FC50F0D6-F970-36D2-B279-8E126F238E9C}
		{C157ECEF-345C-36F6-BF3D-E99FBB65424C} = {C157ECEF-345C-36F6-BF3D-E99FBB65424C}
	EndProjectSection
EndProject
Project("{8BC9CEB8-8B4A-11D0-8D11-00A0C91BC942}") = "INSTALL", "INSTALL.vcxproj", "{19FAA656-7BC5-3ACE-903B-BD7FEA26D4FB}"
	ProjectSection(ProjectDependencies) = postProject
		{26F6D640-1031-3E97-A656-D9D13CEABC79} = {26F6D640-1031-3E97-A656-D9D13CEABC79}
		{394A76E9-42B2-352C-A953-050D51694F96} = {394A76E9-42B2-352C-A953-050D51694F96}
	EndProjectSection
EndProject
Project("{8BC9CEB8-8B4A-11D0-8D11-00A0C91BC942}") = "RUN_TESTS", "RUN_TESTS.vcxproj", "{25879FF6-3918-33D2-9B98-D228D7CE7DE8}"
	ProjectSection(ProjectDependencies) = postProject
		{26F6D640-1031-3E97-A656-D9D13CEABC79} = {26F6D640-1031-3E97-A656-D9D13CEABC79}
	EndProjectSection
EndProject
Project("{8BC9CEB8-8B4A-11D0-8D11-00A0C91BC942}") = "ZERO_CHECK", "ZERO_CHECK.vcxproj", "{26F6D640-1031-3E97-A656-D9D13CEABC79}"
EndProject
Project("{8BC9CEB8-8B4A-11D0-8D11-00A0C91BC942}") = "flatbuffers", "flatbuffers.vcxproj", "{FC50F0D6-F970-36D2-B279-8E126F238E9C}"
	ProjectSection(ProjectDependencies) = postProject
		{26F6D640-1031-3E97-A656-D9D13CEABC79} = {26F6D640-1031-3E97-A656-D9D13CEABC79}
	EndProjectSection
EndProject
Project("{8BC9CEB8-8B4A-11D0-8D11-00A0C91BC942}") = "flatc", "flatc.vcxproj", "{67C443CE-46A8-3CDA-A5C3-F8C490591955}"
	ProjectSection(ProjectDependencies) = postProject
		{26F6D640-1031-3E97-A656-D9D13CEABC79} = {26F6D640-1031-3E97-A656-D9D13CEABC79}
	EndProjectSection
EndProject
Project("{8BC9CEB8-8B4A-11D0-8D11-00A0C91BC942}") = "flathash", "flathash.vcxproj", "{42C46B2B-5A73-3C4C-9115-FE1ABDEAD023}"
	ProjectSection(ProjectDependencies) = postProject
		{26F6D640-1031-3E97-A656-D9D13CEABC79} = {26F6D640-1031-3E97-A656-D9D13CEABC79}
	EndProjectSection
EndProject
Project("{8BC9CEB8-8B4A-11D0-8D11-00A0C91BC942}") = "flatsamplebfbs", "flatsamplebfbs.vcxproj", "{29556C06-FD68-3F2B-84E5-502EF888842C}"
	ProjectSection(ProjectDependencies) = postProject
		{26F6D640-1031-3E97-A656-D9D13CEABC79} = {26F6D640-1031-3E97-A656-D9D13CEABC79}
		{67C443CE-46A8-3CDA-A5C3-F8C490591955} = {67C443CE-46A8-3CDA-A5C3-F8C490591955}
	EndProjectSection
EndProject
Project("{8BC9CEB8-8B4A-11D0-8D11-00A0C91BC942}") = "flatsamplebinary", "flatsamplebinary.vcxproj", "{1099DB2D-462B-39A8-85E3-AB2B793A4970}"
	ProjectSection(ProjectDependencies) = postProject
		{26F6D640-1031-3E97-A656-D9D13CEABC79} = {26F6D640-1031-3E97-A656-D9D13CEABC79}
		{67C443CE-46A8-3CDA-A5C3-F8C490591955} = {67C443CE-46A8-3CDA-A5C3-F8C490591955}
	EndProjectSection
EndProject
Project("{8BC9CEB8-8B4A-11D0-8D11-00A0C91BC942}") = "flatsampletext", "flatsampletext.vcxproj", "{C157ECEF-345C-36F6-BF3D-E99FBB65424C}"
	ProjectSection(ProjectDependencies) = postProject
		{26F6D640-1031-3E97-A656-D9D13CEABC79} = {26F6D640-1031-3E97-A656-D9D13CEABC79}
		{67C443CE-46A8-3CDA-A5C3-F8C490591955} = {67C443CE-46A8-3CDA-A5C3-F8C490591955}
	EndProjectSection
EndProject
Project("{8BC9CEB8-8B4A-11D0-8D11-00A0C91BC942}") = "flattests", "flattests.vcxproj", "{E3AF1C4E-406D-37F7-A165-7DD06D0609B1}"
	ProjectSection(ProjectDependencies) = postProject
		{26F6D640-1031-3E97-A656-D9D13CEABC79} = {26F6D640-1031-3E97-A656-D9D13CEABC79}
		{67C443CE-46A8-3CDA-A5C3-F8C490591955} = {67C443CE-46A8-3CDA-A5C3-F8C490591955}
	EndProjectSection
EndProject
Global
	GlobalSection(SolutionConfigurationPlatforms) = preSolution
		Debug|Win32 = Debug|Win32
		MinSizeRel|Win32 = MinSizeRel|Win32
		Release|Win32 = Release|Win32
		RelWithDebInfo|Win32 = RelWithDebInfo|Win32
	EndGlobalSection
	GlobalSection(ProjectConfigurationPlatforms) = postSolution
		{394A76E9-42B2-352C-A953-050D51694F96}.Debug|Win32.ActiveCfg = Debug|Win32
		{394A76E9-42B2-352C-A953-050D51694F96}.Debug|Win32.Build.0 = Debug|Win32
		{394A76E9-42B2-352C-A953-050D51694F96}.MinSizeRel|Win32.ActiveCfg = MinSizeRel|Win32
		{394A76E9-42B2-352C-A953-050D51694F96}.MinSizeRel|Win32.Build.0 = MinSizeRel|Win32
		{394A76E9-42B2-352C-A953-050D51694F96}.Release|Win32.ActiveCfg = Release|Win32
		{394A76E9-42B2-352C-A953-050D51694F96}.Release|Win32.Build.0 = Release|Win32
		{394A76E9-42B2-352C-A953-050D51694F96}.RelWithDebInfo|Win32.ActiveCfg = RelWithDebInfo|Win32
		{394A76E9-42B2-352C-A953-050D51694F96}.RelWithDebInfo|Win32.Build.0 = RelWithDebInfo|Win32
		{19FAA656-7BC5-3ACE-903B-BD7FEA26D4FB}.Debug|Win32.ActiveCfg = Debug|Win32
		{19FAA656-7BC5-3ACE-903B-BD7FEA26D4FB}.MinSizeRel|Win32.ActiveCfg = MinSizeRel|Win32
		{19FAA656-7BC5-3ACE-903B-BD7FEA26D4FB}.Release|Win32.ActiveCfg = Release|Win32
		{19FAA656-7BC5-3ACE-903B-BD7FEA26D4FB}.RelWithDebInfo|Win32.ActiveCfg = RelWithDebInfo|Win32
		{25879FF6-3918-33D2-9B98-D228D7CE7DE8}.Debug|Win32.ActiveCfg = Debug|Win32
		{25879FF6-3918-33D2-9B98-D228D7CE7DE8}.MinSizeRel|Win32.ActiveCfg = MinSizeRel|Win32
		{25879FF6-3918-33D2-9B98-D228D7CE7DE8}.Release|Win32.ActiveCfg = Release|Win32
		{25879FF6-3918-33D2-9B98-D228D7CE7DE8}.RelWithDebInfo|Win32.ActiveCfg = RelWithDebInfo|Win32
		{26F6D640-1031-3E97-A656-D9D13CEABC79}.Debug|Win32.ActiveCfg = Debug|Win32
		{26F6D640-1031-3E97-A656-D9D13CEABC79}.Debug|Win32.Build.0 = Debug|Win32
		{26F6D640-1031-3E97-A656-D9D13CEABC79}.MinSizeRel|Win32.ActiveCfg = MinSizeRel|Win32
		{26F6D640-1031-3E97-A656-D9D13CEABC79}.MinSizeRel|Win32.Build.0 = MinSizeRel|Win32
		{26F6D640-1031-3E97-A656-D9D13CEABC79}.Release|Win32.ActiveCfg = Release|Win32
		{26F6D640-1031-3E97-A656-D9D13CEABC79}.Release|Win32.Build.0 = Release|Win32
		{26F6D640-1031-3E97-A656-D9D13CEABC79}.RelWithDebInfo|Win32.ActiveCfg = RelWithDebInfo|Win32
		{26F6D640-1031-3E97-A656-D9D13CEABC79}.RelWithDebInfo|Win32.Build.0 = RelWithDebInfo|Win32
		{FC50F0D6-F970-36D2-B279-8E126F238E9C}.Debug|Win32.ActiveCfg = Debug|Win32
		{FC50F0D6-F970-36D2-B279-8E126F238E9C}.Debug|Win32.Build.0 = Debug|Win32
		{FC50F0D6-F970-36D2-B279-8E126F238E9C}.MinSizeRel|Win32.ActiveCfg = MinSizeRel|Win32
		{FC50F0D6-F970-36D2-B279-8E126F238E9C}.MinSizeRel|Win32.Build.0 = MinSizeRel|Win32
		{FC50F0D6-F970-36D2-B279-8E126F238E9C}.Release|Win32.ActiveCfg = Release|Win32
		{FC50F0D6-F970-36D2-B279-8E126F238E9C}.Release|Win32.Build.0 = Release|Win32
		{FC50F0D6-F970-36D2-B279-8E126F238E9C}.RelWithDebInfo|Win32.ActiveCfg = RelWithDebInfo|Win32
		{FC50F0D6-F970-36D2-B279-8E126F238E9C}.RelWithDebInfo|Win32.Build.0 = RelWithDebInfo|Win32
		{67C443CE-46A8-3CDA-A5C3-F8C490591955}.Debug|Win32.ActiveCfg = Debug|Win32
		{67C443CE-46A8-3CDA-A5C3-F8C490591955}.Debug|Win32.Build.0 = Debug|Win32
		{67C443CE-46A8-3CDA-A5C3-F8C490591955}.MinSizeRel|Win32.ActiveCfg = MinSizeRel|Win32
		{67C443CE-46A8-3CDA-A5C3-F8C490591955}.MinSizeRel|Win32.Build.0 = MinSizeRel|Win32
		{67C443CE-46A8-3CDA-A5C3-F8C490591955}.Release|Win32.ActiveCfg = Release|Win32
		{67C443CE-46A8-3CDA-A5C3-F8C490591955}.Release|Win32.Build.0 = Release|Win32
		{67C443CE-46A8-3CDA-A5C3-F8C490591955}.RelWithDebInfo|Win32.ActiveCfg = RelWithDebInfo|Win32
		{67C443CE-46A8-3CDA-A5C3-F8C490591955}.RelWithDebInfo|Win32.Build.0 = RelWithDebInfo|Win32
		{42C46B2B-5A73-3C4C-9115-FE1ABDEAD023}.Debug|Win32.ActiveCfg = Debug|Win32
		{42C46B2B-5A73-3C4C-9115-FE1ABDEAD023}.Debug|Win32.Build.0 = Debug|Win32
		{42C46B2B-5A73-3C4C-9115-FE1ABDEAD023}.MinSizeRel|Win32.ActiveCfg = MinSizeRel|Win32
		{42C46B2B-5A73-3C4C-9115-FE1ABDEAD023}.MinSizeRel|Win32.Build.0 = MinSizeRel|Win32
		{42C46B2B-5A73-3C4C-9115-FE1ABDEAD023}.Release|Win32.ActiveCfg = Release|Win32
		{42C46B2B-5A73-3C4C-9115-FE1ABDEAD023}.Release|Win32.Build.0 = Release|Win32
		{42C46B2B-5A73-3C4C-9115-FE1ABDEAD023}.RelWithDebInfo|Win32.ActiveCfg = RelWithDebInfo|Win32
		{42C46B2B-5A73-3C4C-9115-FE1ABDEAD023}.RelWithDebInfo|Win32.Build.0 = RelWithDebInfo|Win32
		{29556C06-FD68-3F2B-84E5-502EF888842C}.Debug|Win32.ActiveCfg = Debug|Win32
		{29556C06-FD68-3F2B-84E5-502EF888842C}.Debug|Win32.Build.0 = Debug|Win32
		{29556C06-FD68-3F2B-84E5-502EF888842C}.MinSizeRel|Win32.ActiveCfg = MinSizeRel|Win32
		{29556C06-FD68-3F2B-84E5-502EF888842C}.MinSizeRel|Win32.Build.0 = MinSizeRel|Win32
		{29556C06-FD68-3F2B-84E5-502EF888842C}.Release|Win32.ActiveCfg = Release|Win32
		{29556C06-FD68-3F2B-84E5-502EF888842C}.Release|Win32.Build.0 = Release|Win32
		{29556C06-FD68-3F2B-84E5-502EF888842C}.RelWithDebInfo|Win32.ActiveCfg = RelWithDebInfo|Win32
		{29556C06-FD68-3F2B-84E5-502EF888842C}.RelWithDebInfo|Win32.Build.0 = RelWithDebInfo|Win32
		{1099DB2D-462B-39A8-85E3-AB2B793A4970}.Debug|Win32.ActiveCfg = Debug|Win32
		{1099DB2D-462B-39A8-85E3-AB2B793A4970}.Debug|Win32.Build.0 = Debug|Win32
		{1099DB2D-462B-39A8-85E3-AB2B793A4970}.MinSizeRel|Win32.ActiveCfg = MinSizeRel|Win32
		{1099DB2D-462B-39A8-85E3-AB2B793A4970}.MinSizeRel|Win32.Build.0 = MinSizeRel|Win32
		{1099DB2D-462B-39A8-85E3-AB2B793A4970}.Release|Win32.ActiveCfg = Release|Win32
		{1099DB2D-462B-39A8-85E3-AB2B793A4970}.Release|Win32.Build.0 = Release|Win32
		{1099DB2D-462B-39A8-85E3-AB2B793A4970}.RelWithDebInfo|Win32.ActiveCfg = RelWithDebInfo|Win32
		{1099DB2D-462B-39A8-85E3-AB2B793A4970}.RelWithDebInfo|Win32.Build.0 = RelWithDebInfo|Win32
		{C157ECEF-345C-36F6-BF3D-E99FBB65424C}.Debug|Win32.ActiveCfg = Debug|Win32
		{C157ECEF-345C-36F6-BF3D-E99FBB65424C}.Debug|Win32.Build.0 = Debug|Win32
		{C157ECEF-345C-36F6-BF3D-E99FBB65424C}.MinSizeRel|Win32.ActiveCfg = MinSizeRel|Win32
		{C157ECEF-345C-36F6-BF3D-E99FBB65424C}.MinSizeRel|Win32.Build.0 = MinSizeRel|Win32
		{C157ECEF-345C-36F6-BF3D-E99FBB65424C}.Release|Win32.ActiveCfg = Release|Win32
		{C157ECEF-345C-36F6-BF3D-E99FBB65424C}.Release|Win32.Build.0 = Release|Win32
		{C157ECEF-345C-36F6-BF3D-E99FBB65424C}.RelWithDebInfo|Win32.ActiveCfg = RelWithDebInfo|Win32
		{C157ECEF-345C-36F6-BF3D-E99FBB65424C}.RelWithDebInfo|Win32.Build.0 = RelWithDebInfo|Win32
		{E3AF1C4E-406D-37F7-A165-7DD06D0609B1}.Debug|Win32.ActiveCfg = Debug|Win32
		{E3AF1C4E-406D-37F7-A165-7DD06D0609B1}.Debug|Win32.Build.0 = Debug|Win32
		{E3AF1C4E-406D-37F7-A165-7DD06D0609B1}.MinSizeRel|Win32.ActiveCfg = MinSizeRel|Win32
		{E3AF1C4E-406D-37F7-A165-7DD06D0609B1}.MinSizeRel|Win32.Build.0 = MinSizeRel|Win32
		{E3AF1C4E-406D-37F7-A165-7DD06D0609B1}.Release|Win32.ActiveCfg = Release|Win32
		{E3AF1C4E-406D-37F7-A165-7DD06D0609B1}.Release|Win32.Build.0 = Release|Win32
		{E3AF1C4E-406D-37F7-A165-7DD06D0609B1}.RelWithDebInfo|Win32.ActiveCfg = RelWithDebInfo|Win32
		{E3AF1C4E-406D-37F7-A165-7DD06D0609B1}.RelWithDebInfo|Win32.Build.0 = RelWithDebInfo|Win32
	EndGlobalSection
	GlobalSection(SolutionProperties) = preSolution
		HideSolutionNode = FALSE
	EndGlobalSection
	GlobalSection(ExtensibilityGlobals) = postSolution
		SolutionGuid = {631210A0-6B9F-3E85-82DF-F8724AC35298}
	EndGlobalSection
EndGlobal
